{
    "_readme": [
        "This file locks the dependencies of your project to a known state",
        "Read more about it at https://getcomposer.org/doc/01-basic-usage.md#composer-lock-the-lock-file",
        "This file is @generated automatically"
    ],
    "hash": "aa046336e80dec95dd78d54a7d980310",
    "content-hash": "7424a9ba8ee889d263e580d3c04dadc2",
    "packages": [
        {
            "name": "sigurdsvela/std",
            "version": "v1.0",
            "source": {
                "type": "git",
                "url": "https://github.com/sigurdsvela/phpstd.git",
                "reference": "6b68574478d332a687741f547343986268dc694f"
            },
            "dist": {
                "type": "zip",
                "url": "https://api.github.com/repos/sigurdsvela/phpstd/zipball/6b68574478d332a687741f547343986268dc694f",
                "reference": "6b68574478d332a687741f547343986268dc694f",
                "shasum": ""
            },
            "require": {
                "php": ">=5.5.0"
            },
            "require-dev": {
                "phpunit/phpunit": "3.7.*",
                "satooshi/php-coveralls": "dev-master"
            },
            "type": "library",
            "notification-url": "https://packagist.org/downloads/",
            "license": [
                "LGPL"
            ],
            "authors": [
                {
                    "name": "Sigurd Berg Svela",
                    "email": "sigurd@bergsvela.com",
                    "role": "Developer"
                }
            ],
            "description": "This library is still in pre-alpha, and its API will change quickly, but rest assured, as of 2014 it's being developed and an alpha release is expected by the end of february. Provides a bunch of useful classes for all kinds of stuff. It much servers the same purpose as SPL although more so than SPL enforcing OOP.",
            "time": "2015-02-18 22:27:17"
        }
    ],
    "packages-dev": [],
    "aliases": [],
    "minimum-stability": "stable",
    "stability-flags": [],
    "prefer-stable": false,
    "prefer-lowest": false,
    "platform": {
        "php": ">=5.3.0"
    },
    "platform-dev": []
}
